
Microsoft Visual Studio Solution File, Format Version 12.00
# Visual Studio Version 16
VisualStudioVersion = 16.0.29306.81
MinimumVisualStudioVersion = 10.0.40219.1
Project("{FAE04EC0-301F-11D3-BF4B-00C04F79EFBC}") = "FedeltaSystem", "FedeltaSystem\FedeltaSystem.csproj", "{B52FC4E1-ADC4-4E05-A56C-ADD3C083018B}"
EndProject
Global
	GlobalSection(SolutionConfigurationPlatforms) = preSolution
		Debug|Any CPU = Debug|Any CPU
		Release|Any CPU = Release|Any CPU
	EndGlobalSection
	GlobalSection(ProjectConfigurationPlatforms) = postSolution
		{B52FC4E1-ADC4-4E05-A56C-ADD3C083018B}.Debug|Any CPU.ActiveCfg = Debug|Any CPU
		{B52FC4E1-ADC4-4E05-A56C-ADD3C083018B}.Debug|Any CPU.Build.0 = Debug|Any CPU
		{B52FC4E1-ADC4-4E05-A56C-ADD3C083018B}.Release|Any CPU.ActiveCfg = Release|Any CPU
		{B52FC4E1-ADC4-4E05-A56C-ADD3C083018B}.Release|Any CPU.Build.0 = Release|Any CPU
	EndGlobalSection
	GlobalSection(SolutionProperties) = preSolution
		HideSolutionNode = FALSE
	EndGlobalSection
	GlobalSection(ExtensibilityGlobals) = postSolution
		SolutionGuid = {C230C4C9-D535-4BC4-9AAF-E4BF0D054306}
	EndGlobalSection
EndGlobal
